
Microsoft Visual Studio Solution File, Format Version 12.00
# Visual Studio Version 16
VisualStudioVersion = 16.0.29020.237
MinimumVisualStudioVersion = 10.0.40219.1
Project("{FAE04EC0-301F-11D3-BF4B-00C04F79EFBC}") = "Parentesco-Taulogia", "Parentesco-Taulogia.csproj", "{5416D744-764C-48A9-811A-8A6066F186DF}"
EndProject
Global
	GlobalSection(SolutionConfigurationPlatforms) = preSolution
		Debug|Any CPU = Debug|Any CPU
		Release|Any CPU = Release|Any CPU
	EndGlobalSection
	GlobalSection(ProjectConfigurationPlatforms) = postSolution
		{5416D744-764C-48A9-811A-8A6066F186DF}.Debug|Any CPU.ActiveCfg = Debug|Any CPU
		{5416D744-764C-48A9-811A-8A6066F186DF}.Debug|Any CPU.Build.0 = Debug|Any CPU
		{5416D744-764C-48A9-811A-8A6066F186DF}.Release|Any CPU.ActiveCfg = Release|Any CPU
		{5416D744-764C-48A9-811A-8A6066F186DF}.Release|Any CPU.Build.0 = Release|Any CPU
	EndGlobalSection
	GlobalSection(SolutionProperties) = preSolution
		HideSolutionNode = FALSE
	EndGlobalSection
	GlobalSection(ExtensibilityGlobals) = postSolution
		SolutionGuid = {7F3C2B97-7058-43F1-8013-3AE2E00E7E8F}
	EndGlobalSection
EndGlobal
